
Microsoft Visual Studio Solution File, Format Version 12.00
# Visual Studio Version 17
VisualStudioVersion = 17.9.34622.214
MinimumVisualStudioVersion = 10.0.40219.1
Project("{9A19103F-16F7-4668-BE54-9A1E7A4F7556}") = "FactoryMethod", "FactoryMethod\FactoryMethod.csproj", "{D70169AD-0A28-44B2-9221-560C77C360E1}"
EndProject
Project("{9A19103F-16F7-4668-BE54-9A1E7A4F7556}") = "FactoryMethodRealdWord", "FactoryMethodRealdWord\FactoryMethodRealdWord.csproj", "{24F8F456-8654-4374-9B81-2EB1DE38DFB2}"
EndProject
Project("{9A19103F-16F7-4668-BE54-9A1E7A4F7556}") = "AbstractFactoryRealWord", "AbstractFactoryRealWord\AbstractFactoryRealWord.csproj", "{4C16DB33-7082-4B69-9D2B-7E41317AE3F8}"
EndProject
Project("{9A19103F-16F7-4668-BE54-9A1E7A4F7556}") = "AbstractFactoryRealWord2", "AbstractFactoryRealWord2\AbstractFactoryRealWord2.csproj", "{DAF2504C-C901-4C20-A764-772883CEAB86}"
EndProject
Project("{9A19103F-16F7-4668-BE54-9A1E7A4F7556}") = "AbstractFactoryAnimals", "AbstractFactoryAnimals\AbstractFactoryAnimals.csproj", "{57C023F1-CBB2-467C-A7BB-20AD2647060C}"
EndProject
Project("{9A19103F-16F7-4668-BE54-9A1E7A4F7556}") = "AbstractFactoryTransporter", "AbstractFactoryTransporter\AbstractFactoryTransporter.csproj", "{B14CFF89-A635-41F1-BC40-0C31AC289F81}"
EndProject
Project("{FAE04EC0-301F-11D3-BF4B-00C04F79EFBC}") = "BuilderPatternLearn", "BuilderPatternLearn\BuilderPatternLearn.csproj", "{7C45B99F-7A30-4404-8264-A490CF1DA9B7}"
EndProject
Global
	GlobalSection(SolutionConfigurationPlatforms) = preSolution
		Debug|Any CPU = Debug|Any CPU
		Release|Any CPU = Release|Any CPU
	EndGlobalSection
	GlobalSection(ProjectConfigurationPlatforms) = postSolution
		{D70169AD-0A28-44B2-9221-560C77C360E1}.Debug|Any CPU.ActiveCfg = Debug|Any CPU
		{D70169AD-0A28-44B2-9221-560C77C360E1}.Debug|Any CPU.Build.0 = Debug|Any CPU
		{D70169AD-0A28-44B2-9221-560C77C360E1}.Release|Any CPU.ActiveCfg = Release|Any CPU
		{D70169AD-0A28-44B2-9221-560C77C360E1}.Release|Any CPU.Build.0 = Release|Any CPU
		{24F8F456-8654-4374-9B81-2EB1DE38DFB2}.Debug|Any CPU.ActiveCfg = Debug|Any CPU
		{24F8F456-8654-4374-9B81-2EB1DE38DFB2}.Debug|Any CPU.Build.0 = Debug|Any CPU
		{24F8F456-8654-4374-9B81-2EB1DE38DFB2}.Release|Any CPU.ActiveCfg = Release|Any CPU
		{24F8F456-8654-4374-9B81-2EB1DE38DFB2}.Release|Any CPU.Build.0 = Release|Any CPU
		{4C16DB33-7082-4B69-9D2B-7E41317AE3F8}.Debug|Any CPU.ActiveCfg = Debug|Any CPU
		{4C16DB33-7082-4B69-9D2B-7E41317AE3F8}.Debug|Any CPU.Build.0 = Debug|Any CPU
		{4C16DB33-7082-4B69-9D2B-7E41317AE3F8}.Release|Any CPU.ActiveCfg = Release|Any CPU
		{4C16DB33-7082-4B69-9D2B-7E41317AE3F8}.Release|Any CPU.Build.0 = Release|Any CPU
		{DAF2504C-C901-4C20-A764-772883CEAB86}.Debug|Any CPU.ActiveCfg = Debug|Any CPU
		{DAF2504C-C901-4C20-A764-772883CEAB86}.Debug|Any CPU.Build.0 = Debug|Any CPU
		{DAF2504C-C901-4C20-A764-772883CEAB86}.Release|Any CPU.ActiveCfg = Release|Any CPU
		{DAF2504C-C901-4C20-A764-772883CEAB86}.Release|Any CPU.Build.0 = Release|Any CPU
		{57C023F1-CBB2-467C-A7BB-20AD2647060C}.Debug|Any CPU.ActiveCfg = Debug|Any CPU
		{57C023F1-CBB2-467C-A7BB-20AD2647060C}.Debug|Any CPU.Build.0 = Debug|Any CPU
		{57C023F1-CBB2-467C-A7BB-20AD2647060C}.Release|Any CPU.ActiveCfg = Release|Any CPU
		{57C023F1-CBB2-467C-A7BB-20AD2647060C}.Release|Any CPU.Build.0 = Release|Any CPU
		{B14CFF89-A635-41F1-BC40-0C31AC289F81}.Debug|Any CPU.ActiveCfg = Debug|Any CPU
		{B14CFF89-A635-41F1-BC40-0C31AC289F81}.Debug|Any CPU.Build.0 = Debug|Any CPU
		{B14CFF89-A635-41F1-BC40-0C31AC289F81}.Release|Any CPU.ActiveCfg = Release|Any CPU
		{B14CFF89-A635-41F1-BC40-0C31AC289F81}.Release|Any CPU.Build.0 = Release|Any CPU
		{7C45B99F-7A30-4404-8264-A490CF1DA9B7}.Debug|Any CPU.ActiveCfg = Debug|Any CPU
		{7C45B99F-7A30-4404-8264-A490CF1DA9B7}.Debug|Any CPU.Build.0 = Debug|Any CPU
		{7C45B99F-7A30-4404-8264-A490CF1DA9B7}.Release|Any CPU.ActiveCfg = Release|Any CPU
		{7C45B99F-7A30-4404-8264-A490CF1DA9B7}.Release|Any CPU.Build.0 = Release|Any CPU
	EndGlobalSection
	GlobalSection(SolutionProperties) = preSolution
		HideSolutionNode = FALSE
	EndGlobalSection
	GlobalSection(ExtensibilityGlobals) = postSolution
		SolutionGuid = {FAEFA969-C932-4669-8EF7-685E5C7BECF6}
	EndGlobalSection
EndGlobal
